
Microsoft Visual Studio Solution File, Format Version 12.00
# Visual Studio Version 17
VisualStudioVersion = 17.6.33815.320
MinimumVisualStudioVersion = 10.0.40219.1
Project("{FAE04EC0-301F-11D3-BF4B-00C04F79EFBC}") = "ConceptArchitect.FurnitureMain.Program", "ConceptArchitect.FurnitureMain.Program\ConceptArchitect.FurnitureMain.Program.csproj", "{A320EC99-DFB8-4C78-8FE5-3C51C04B2699}"
EndProject
Global
	GlobalSection(SolutionConfigurationPlatforms) = preSolution
		Debug|Any CPU = Debug|Any CPU
		Release|Any CPU = Release|Any CPU
	EndGlobalSection
	GlobalSection(ProjectConfigurationPlatforms) = postSolution
		{A320EC99-DFB8-4C78-8FE5-3C51C04B2699}.Debug|Any CPU.ActiveCfg = Debug|Any CPU
		{A320EC99-DFB8-4C78-8FE5-3C51C04B2699}.Debug|Any CPU.Build.0 = Debug|Any CPU
		{A320EC99-DFB8-4C78-8FE5-3C51C04B2699}.Release|Any CPU.ActiveCfg = Release|Any CPU
		{A320EC99-DFB8-4C78-8FE5-3C51C04B2699}.Release|Any CPU.Build.0 = Release|Any CPU
	EndGlobalSection
	GlobalSection(SolutionProperties) = preSolution
		HideSolutionNode = FALSE
	EndGlobalSection
	GlobalSection(ExtensibilityGlobals) = postSolution
		SolutionGuid = {5E757A0F-5973-431A-9D11-A8028C81B035}
	EndGlobalSection
EndGlobal
