
Microsoft Visual Studio Solution File, Format Version 12.00
# Visual Studio Version 17
VisualStudioVersion = 17.6.33815.320
MinimumVisualStudioVersion = 10.0.40219.1
Project("{FAE04EC0-301F-11D3-BF4B-00C04F79EFBC}") = "BankAccount", "FurnitureMain\BankAccount.csproj", "{946606FF-E637-4CE2-93A0-855428B0BA4A}"
EndProject
Global
	GlobalSection(SolutionConfigurationPlatforms) = preSolution
		Debug|Any CPU = Debug|Any CPU
		Release|Any CPU = Release|Any CPU
	EndGlobalSection
	GlobalSection(ProjectConfigurationPlatforms) = postSolution
		{946606FF-E637-4CE2-93A0-855428B0BA4A}.Debug|Any CPU.ActiveCfg = Debug|Any CPU
		{946606FF-E637-4CE2-93A0-855428B0BA4A}.Debug|Any CPU.Build.0 = Debug|Any CPU
		{946606FF-E637-4CE2-93A0-855428B0BA4A}.Release|Any CPU.ActiveCfg = Release|Any CPU
		{946606FF-E637-4CE2-93A0-855428B0BA4A}.Release|Any CPU.Build.0 = Release|Any CPU
	EndGlobalSection
	GlobalSection(SolutionProperties) = preSolution
		HideSolutionNode = FALSE
	EndGlobalSection
	GlobalSection(ExtensibilityGlobals) = postSolution
		SolutionGuid = {925C352C-0CE5-4B86-886F-0D50E8EC73A5}
	EndGlobalSection
EndGlobal
