
Microsoft Visual Studio Solution File, Format Version 12.00
# Visual Studio Version 17
VisualStudioVersion = 17.6.33815.320
MinimumVisualStudioVersion = 10.0.40219.1
Project("{FAE04EC0-301F-11D3-BF4B-00C04F79EFBC}") = "FurnitureMain", "furniture\FurnitureMain.csproj", "{EBB7211E-D7C4-43DF-A967-C9215748860C}"
EndProject
Global
	GlobalSection(SolutionConfigurationPlatforms) = preSolution
		Debug|Any CPU = Debug|Any CPU
		Release|Any CPU = Release|Any CPU
	EndGlobalSection
	GlobalSection(ProjectConfigurationPlatforms) = postSolution
		{EBB7211E-D7C4-43DF-A967-C9215748860C}.Debug|Any CPU.ActiveCfg = Debug|Any CPU
		{EBB7211E-D7C4-43DF-A967-C9215748860C}.Debug|Any CPU.Build.0 = Debug|Any CPU
		{EBB7211E-D7C4-43DF-A967-C9215748860C}.Release|Any CPU.ActiveCfg = Release|Any CPU
		{EBB7211E-D7C4-43DF-A967-C9215748860C}.Release|Any CPU.Build.0 = Release|Any CPU
	EndGlobalSection
	GlobalSection(SolutionProperties) = preSolution
		HideSolutionNode = FALSE
	EndGlobalSection
	GlobalSection(ExtensibilityGlobals) = postSolution
		SolutionGuid = {563A04F8-0C5B-43E9-9258-23DAA783E667}
	EndGlobalSection
EndGlobal
